
Microsoft Visual Studio Solution File, Format Version 12.00
# Visual Studio Version 17
VisualStudioVersion = 17.0.31521.260
MinimumVisualStudioVersion = 10.0.40219.1
Project("{9A19103F-16F7-4668-BE54-9A1E7A4F7556}") = "IISAPI", "IISAPI\IISAPI.csproj", "{D69D6F9B-308D-453F-88FC-1FC548774B3B}"
EndProject
Project("{FAE04EC0-301F-11D3-BF4B-00C04F79EFBC}") = "IIS-Api.Tests", "IIS-Api.Tests\IIS-Api.Tests.csproj", "{CEF71DD7-F9A1-488D-A8F4-CA17E62ECF7A}"
EndProject
Global
	GlobalSection(SolutionConfigurationPlatforms) = preSolution
		Debug|Any CPU = Debug|Any CPU
		Release|Any CPU = Release|Any CPU
	EndGlobalSection
	GlobalSection(ProjectConfigurationPlatforms) = postSolution
		{D69D6F9B-308D-453F-88FC-1FC548774B3B}.Debug|Any CPU.ActiveCfg = Debug|Any CPU
		{D69D6F9B-308D-453F-88FC-1FC548774B3B}.Debug|Any CPU.Build.0 = Debug|Any CPU
		{D69D6F9B-308D-453F-88FC-1FC548774B3B}.Release|Any CPU.ActiveCfg = Release|Any CPU
		{D69D6F9B-308D-453F-88FC-1FC548774B3B}.Release|Any CPU.Build.0 = Release|Any CPU
		{CEF71DD7-F9A1-488D-A8F4-CA17E62ECF7A}.Debug|Any CPU.ActiveCfg = Debug|Any CPU
		{CEF71DD7-F9A1-488D-A8F4-CA17E62ECF7A}.Debug|Any CPU.Build.0 = Debug|Any CPU
		{CEF71DD7-F9A1-488D-A8F4-CA17E62ECF7A}.Release|Any CPU.ActiveCfg = Release|Any CPU
		{CEF71DD7-F9A1-488D-A8F4-CA17E62ECF7A}.Release|Any CPU.Build.0 = Release|Any CPU
	EndGlobalSection
	GlobalSection(SolutionProperties) = preSolution
		HideSolutionNode = FALSE
	EndGlobalSection
	GlobalSection(ExtensibilityGlobals) = postSolution
		SolutionGuid = {31377ECA-1F49-4A3D-98E7-848EC0684714}
	EndGlobalSection
EndGlobal
